
Microsoft Visual Studio Solution File, Format Version 12.00
# Visual Studio Version 17
VisualStudioVersion = 17.7.34031.279
MinimumVisualStudioVersion = 10.0.40219.1
Project("{FAE04EC0-301F-11D3-BF4B-00C04F79EFBC}") = "NewsApp", "NewsAPP\NewsApp.csproj", "{B5DA5772-6363-4243-985E-1F027A8B6EF0}"
EndProject
Global
	GlobalSection(SolutionConfigurationPlatforms) = preSolution
		Debug|Any CPU = Debug|Any CPU
		Release|Any CPU = Release|Any CPU
	EndGlobalSection
	GlobalSection(ProjectConfigurationPlatforms) = postSolution
		{B5DA5772-6363-4243-985E-1F027A8B6EF0}.Debug|Any CPU.ActiveCfg = Debug|Any CPU
		{B5DA5772-6363-4243-985E-1F027A8B6EF0}.Debug|Any CPU.Build.0 = Debug|Any CPU
		{B5DA5772-6363-4243-985E-1F027A8B6EF0}.Debug|Any CPU.Deploy.0 = Debug|Any CPU
		{B5DA5772-6363-4243-985E-1F027A8B6EF0}.Release|Any CPU.ActiveCfg = Release|Any CPU
		{B5DA5772-6363-4243-985E-1F027A8B6EF0}.Release|Any CPU.Build.0 = Release|Any CPU
		{B5DA5772-6363-4243-985E-1F027A8B6EF0}.Release|Any CPU.Deploy.0 = Release|Any CPU
	EndGlobalSection
	GlobalSection(SolutionProperties) = preSolution
		HideSolutionNode = FALSE
	EndGlobalSection
	GlobalSection(ExtensibilityGlobals) = postSolution
		SolutionGuid = {E47208D4-FB73-4C92-A636-95D11F10CBD1}
	EndGlobalSection
EndGlobal
